
Microsoft Visual Studio Solution File, Format Version 12.00
# Visual Studio Version 16
VisualStudioVersion = 16.0.30907.101
MinimumVisualStudioVersion = 10.0.40219.1
Project("{FAE04EC0-301F-11D3-BF4B-00C04F79EFBC}") = "Events", "Events\Events.csproj", "{890907AC-4674-4229-88E7-DECB0F00E9AF}"
EndProject
Global
	GlobalSection(SolutionConfigurationPlatforms) = preSolution
		Debug|Any CPU = Debug|Any CPU
		Release|Any CPU = Release|Any CPU
	EndGlobalSection
	GlobalSection(ProjectConfigurationPlatforms) = postSolution
		{890907AC-4674-4229-88E7-DECB0F00E9AF}.Debug|Any CPU.ActiveCfg = Debug|Any CPU
		{890907AC-4674-4229-88E7-DECB0F00E9AF}.Debug|Any CPU.Build.0 = Debug|Any CPU
		{890907AC-4674-4229-88E7-DECB0F00E9AF}.Release|Any CPU.ActiveCfg = Release|Any CPU
		{890907AC-4674-4229-88E7-DECB0F00E9AF}.Release|Any CPU.Build.0 = Release|Any CPU
	EndGlobalSection
	GlobalSection(SolutionProperties) = preSolution
		HideSolutionNode = FALSE
	EndGlobalSection
	GlobalSection(ExtensibilityGlobals) = postSolution
		SolutionGuid = {8B1F30C6-1236-4695-B453-42A0423CD708}
	EndGlobalSection
EndGlobal
